PODS:
  - Alamofire (4.5.1)
  - Bond (6.4.3):
    - Differ (~> 1.0.0)
    - ReactiveKit (~> 3.7.4)
  - Crashlytics (3.9.0):
    - Fabric (~> 1.7.0)
  - Differ (1.0.2)
  - Fabric (1.7.0)
  - FBSnapshotTestCase (2.1.4):
    - FBSnapshotTestCase/SwiftSupport (= 2.1.4)
  - FBSnapshotTestCase/Core (2.1.4)
  - FBSnapshotTestCase/SwiftSupport (2.1.4):
    - FBSnapshotTestCase/Core
  - ionicons (2.1.1)
  - Moya (9.0.0):
    - Moya/Core (= 9.0.0)
  - Moya/Core (9.0.0):
    - Alamofire (~> 4.1)
    - Result (~> 3.0)
  - PinpointKit/Core (1.1.0)
  - PromiseKit (4.4.3):
    - PromiseKit/Foundation (= 4.4.3)
    - PromiseKit/QuartzCore (= 4.4.3)
    - PromiseKit/UIKit (= 4.4.3)
  - PromiseKit/CorePromise (4.4.3)
  - PromiseKit/Foundation (4.4.3):
    - PromiseKit/CorePromise
  - PromiseKit/QuartzCore (4.4.3):
    - PromiseKit/CorePromise
  - PromiseKit/UIKit (4.4.3):
    - PromiseKit/CorePromise
  - ReactiveKit (3.7.4)
  - Result (3.2.4)
  - SnapKit (4.0.0)
  - StreamingKit (0.1.29)
  - SwiftLint (0.23.1)
  - TWRDownloadManager (1.1.1)

DEPENDENCIES:
  - Bond
  - Crashlytics
  - Fabric
  - FBSnapshotTestCase
  - ionicons
  - Moya
  - PinpointKit/Core
  - PromiseKit
  - ReactiveKit
  - SnapKit
  - StreamingKit
  - SwiftLint
  - TWRDownloadManager

SPEC CHECKSUMS:
  Alamofire: 2d95912bf4c34f164fdfc335872e8c312acaea4a
  Bond: ac3e1f1a5213cddbc0a820ffc7535ac0205505e9
  Crashlytics: 64aad5dd97249dd3ff94b979fea140144590cdd3
  Differ: a571b66c49d0fc83fe5af9a4a41f09bb09e91c85
  Fabric: e6be012366472553807dada21243c5ab8d904151
  FBSnapshotTestCase: '094f9f314decbabe373b87cc339bea235a63e07a'
  ionicons: 630bcd2c2970741c3359e3a35ad544e71d3c086b
  Moya: cf5e6ee93af526532f92614004b8ad2ea60fd845
  PinpointKit: b444d66d8b10420c1ffc22c176dee37c1c12b4e7
  PromiseKit: fbb52a0d154402c57eeb6eccd36dd7724fcf6117
  ReactiveKit: 0af7e43958a532342e0e247d2aeb318653628e68
  Result: d2d07204ce72856f1fd9130bbe42c35a7b0fea10
  SnapKit: a42d492c16e80209130a3379f73596c3454b7694
  StreamingKit: c329785aaef3ac142d4ae388345bfe1ed23cfd45
  SwiftLint: 1b670ce79284c76520f84060e87d645078fd32fa
  TWRDownloadManager: 34193d7d1ab6e6b4243d74fa4f686cc2ed5ef40f

PODFILE CHECKSUM: b24ca2c6f2b000254a644b94121837c2f4bc2f31

COCOAPODS: 1.2.0
